
Microsoft Visual Studio Solution File, Format Version 12.00
# Visual Studio Version 16
VisualStudioVersion = 16.0.29102.190
MinimumVisualStudioVersion = 10.0.40219.1
Project("{9A19103F-16F7-4668-BE54-9A1E7A4F7556}") = "SeatingManagement.App", "SeatingManagement.App\SeatingManagement.App.csproj", "{1E522688-CB98-4A0F-A5D3-4EA512905EC9}"
EndProject
Project("{9A19103F-16F7-4668-BE54-9A1E7A4F7556}") = "SeatingManagement.UnitTest", "SeatingManagement.UnitTest\SeatingManagement.UnitTest.csproj", "{215BCCF9-2FFD-4B82-9F03-58A54E30ADA3}"
EndProject
Project("{9A19103F-16F7-4668-BE54-9A1E7A4F7556}") = "SeatingManagement", "SeatingManagement\SeatingManagement.csproj", "{69CB2A06-FAAC-4BB4-9009-D527D5ED839D}"
EndProject
Global
	GlobalSection(SolutionConfigurationPlatforms) = preSolution
		Debug|Any CPU = Debug|Any CPU
		Release|Any CPU = Release|Any CPU
	EndGlobalSection
	GlobalSection(ProjectConfigurationPlatforms) = postSolution
		{1E522688-CB98-4A0F-A5D3-4EA512905EC9}.Debug|Any CPU.ActiveCfg = Debug|Any CPU
		{1E522688-CB98-4A0F-A5D3-4EA512905EC9}.Debug|Any CPU.Build.0 = Debug|Any CPU
		{1E522688-CB98-4A0F-A5D3-4EA512905EC9}.Release|Any CPU.ActiveCfg = Release|Any CPU
		{1E522688-CB98-4A0F-A5D3-4EA512905EC9}.Release|Any CPU.Build.0 = Release|Any CPU
		{215BCCF9-2FFD-4B82-9F03-58A54E30ADA3}.Debug|Any CPU.ActiveCfg = Debug|Any CPU
		{215BCCF9-2FFD-4B82-9F03-58A54E30ADA3}.Debug|Any CPU.Build.0 = Debug|Any CPU
		{215BCCF9-2FFD-4B82-9F03-58A54E30ADA3}.Release|Any CPU.ActiveCfg = Release|Any CPU
		{215BCCF9-2FFD-4B82-9F03-58A54E30ADA3}.Release|Any CPU.Build.0 = Release|Any CPU
		{69CB2A06-FAAC-4BB4-9009-D527D5ED839D}.Debug|Any CPU.ActiveCfg = Debug|Any CPU
		{69CB2A06-FAAC-4BB4-9009-D527D5ED839D}.Debug|Any CPU.Build.0 = Debug|Any CPU
		{69CB2A06-FAAC-4BB4-9009-D527D5ED839D}.Release|Any CPU.ActiveCfg = Release|Any CPU
		{69CB2A06-FAAC-4BB4-9009-D527D5ED839D}.Release|Any CPU.Build.0 = Release|Any CPU
	EndGlobalSection
	GlobalSection(SolutionProperties) = preSolution
		HideSolutionNode = FALSE
	EndGlobalSection
	GlobalSection(ExtensibilityGlobals) = postSolution
		SolutionGuid = {3B66AE2A-432A-4A47-B3C6-B8EE0D3401B1}
	EndGlobalSection
EndGlobal
